
Microsoft Visual Studio Solution File, Format Version 12.00
Project("{FAE04EC0-301F-11D3-BF4B-00C04F79EFBC}") = "Lab1", "Lab1\Lab1.csproj", "{61C79399-ED47-4B28-99E1-53979BCB9491}"
EndProject
Global
	GlobalSection(SolutionConfigurationPlatforms) = preSolution
		Debug|Any CPU = Debug|Any CPU
		Release|Any CPU = Release|Any CPU
	EndGlobalSection
	GlobalSection(ProjectConfigurationPlatforms) = postSolution
		{61C79399-ED47-4B28-99E1-53979BCB9491}.Debug|Any CPU.ActiveCfg = Debug|Any CPU
		{61C79399-ED47-4B28-99E1-53979BCB9491}.Debug|Any CPU.Build.0 = Debug|Any CPU
		{61C79399-ED47-4B28-99E1-53979BCB9491}.Release|Any CPU.ActiveCfg = Release|Any CPU
		{61C79399-ED47-4B28-99E1-53979BCB9491}.Release|Any CPU.Build.0 = Release|Any CPU
	EndGlobalSection
EndGlobal
